{
  "version": 4,
  "terraform_version": "1.5.7",
  "serial": 25,
  "lineage": "a17aad97-99e2-ea62-43ac-b667e0929cb5",
  "outputs": {
    "url": {
      "value": "https://bbav7reetq7c84fe177c.containers.yandexcloud.net",
      "type": "string"
    }
  },
  "resources": [
    {
      "mode": "data",
      "type": "yandex_iam_service_account",
      "name": "sa",
      "provider": "provider[\"registry.terraform.io/yandex-cloud/yandex\"]",
      "instances": [
        {
          "schema_version": 0,
          "attributes": {
            "created_at": "2025-11-06T08:19:19Z",
            "description": "",
            "folder_id": "b1gfuuugp7i199p0n26f",
            "id": "aje8fguas1c8i8ual2qk",
            "name": "registry-sa",
            "service_account_id": "aje8fguas1c8i8ual2qk"
          },
          "sensitive_attributes": []
        }
      ]
    },
    {
      "mode": "managed",
      "type": "yandex_serverless_container",
      "name": "container",
      "provider": "provider[\"registry.terraform.io/yandex-cloud/yandex\"]",
      "instances": [
        {
          "schema_version": 0,
          "attributes": {
            "async_invocation": [],
            "concurrency": 1,
            "connectivity": [],
            "core_fraction": 100,
            "cores": 1,
            "created_at": "2025-11-26T15:54:30Z",
            "description": "",
            "execution_timeout": "30s",
            "folder_id": "b1gfuuugp7i199p0n26f",
            "id": "bbav7reetq7c84fe177c",
            "image": [
              {
                "args": [
                  "--bind",
                  "0.0.0.0:8080",
                  "app:app"
                ],
                "command": [
                  "gunicorn"
                ],
                "digest": "sha256:7baa918408129b88647ac7a1a802744a41c7de082446e54b4970c660568722b7",
                "environment": null,
                "url": "cr.yandex/crpo8qn3icaqh4tt9usj/devops_app:v1",
                "work_dir": ""
              }
            ],
            "labels": null,
            "log_options": [],
            "memory": 256,
            "metadata_options": [
              {
                "aws_v1_http_endpoint": 0,
                "gce_http_endpoint": 0
              }
            ],
            "mounts": [],
            "name": "test-simple-container",
            "provision_policy": [],
            "revision_id": "bbac1v2fb1bvvi0akkb1",
            "runtime": [
              {
                "type": "http"
              }
            ],
            "secrets": [],
            "service_account_id": "aje8fguas1c8i8ual2qk",
            "storage_mounts": null,
            "timeouts": null,
            "url": "https://bbav7reetq7c84fe177c.containers.yandexcloud.net/"
          },
          "sensitive_attributes": [],
          "private": "eyJlMmJmYjczMC1lY2FhLTExZTYtOGY4OC0zNDM2M2JjN2M0YzAiOnsiY3JlYXRlIjozMDAwMDAwMDAwMDAsImRlbGV0ZSI6MzAwMDAwMDAwMDAwLCJ1cGRhdGUiOjMwMDAwMDAwMDAwMH19",
          "dependencies": [
            "data.yandex_iam_service_account.sa"
          ]
        }
      ]
    },
    {
      "mode": "managed",
      "type": "yandex_serverless_container_iam_binding",
      "name": "invoker",
      "provider": "provider[\"registry.terraform.io/yandex-cloud/yandex\"]",
      "instances": [
        {
          "schema_version": 0,
          "attributes": {
            "container_id": "bbav7reetq7c84fe177c",
            "members": [
              "system:allUsers"
            ],
            "role": "serverless.containers.invoker",
            "sleep_after": null
          },
          "sensitive_attributes": [],
          "dependencies": [
            "data.yandex_iam_service_account.sa",
            "yandex_serverless_container.container"
          ]
        }
      ]
    }
  ],
  "check_results": null
}
